
Microsoft Visual Studio Solution File, Format Version 12.00
# Visual Studio Version 16
VisualStudioVersion = 16.0.30907.101
MinimumVisualStudioVersion = 10.0.40219.1
Project("{FAE04EC0-301F-11D3-BF4B-00C04F79EFBC}") = "FizzBuzz", "tydzien_4_praca_domowa_2\FizzBuzz.csproj", "{B5EE824D-1E3C-4C70-82FE-3629769AD22F}"
EndProject
Global
	GlobalSection(SolutionConfigurationPlatforms) = preSolution
		Debug|Any CPU = Debug|Any CPU
		Release|Any CPU = Release|Any CPU
	EndGlobalSection
	GlobalSection(ProjectConfigurationPlatforms) = postSolution
		{B5EE824D-1E3C-4C70-82FE-3629769AD22F}.Debug|Any CPU.ActiveCfg = Debug|Any CPU
		{B5EE824D-1E3C-4C70-82FE-3629769AD22F}.Debug|Any CPU.Build.0 = Debug|Any CPU
		{B5EE824D-1E3C-4C70-82FE-3629769AD22F}.Release|Any CPU.ActiveCfg = Release|Any CPU
		{B5EE824D-1E3C-4C70-82FE-3629769AD22F}.Release|Any CPU.Build.0 = Release|Any CPU
	EndGlobalSection
	GlobalSection(SolutionProperties) = preSolution
		HideSolutionNode = FALSE
	EndGlobalSection
	GlobalSection(ExtensibilityGlobals) = postSolution
		SolutionGuid = {E4152779-BF56-4E6A-B1C8-F4C8C59FBF83}
	EndGlobalSection
EndGlobal
